
Microsoft Visual Studio Solution File, Format Version 12.00
# Visual Studio Version 17
VisualStudioVersion = 17.0.31903.59
MinimumVisualStudioVersion = 10.0.40219.1
Project("{FAE04EC0-301F-11D3-BF4B-00C04F79EFBC}") = "Day 1", "Day1\Day 1.csproj", "{221E7D46-F144-420F-BA4A-B0DE0C68B5CD}"
EndProject
Project("{FAE04EC0-301F-11D3-BF4B-00C04F79EFBC}") = "Utility", "Utility\Utility.csproj", "{E4349C45-BF3C-48B6-9046-80D08CDDF913}"
EndProject
Project("{FAE04EC0-301F-11D3-BF4B-00C04F79EFBC}") = "Day2", "Day2\Day2.csproj", "{206DAB40-90D7-4AAE-92F5-C2A6EBBC8C31}"
EndProject
Project("{FAE04EC0-301F-11D3-BF4B-00C04F79EFBC}") = "Day3", "Day3\Day3.csproj", "{DFBEBD0C-9612-4F66-84AA-8C26B6726F44}"
EndProject
Project("{FAE04EC0-301F-11D3-BF4B-00C04F79EFBC}") = "Day4", "Day4\Day4.csproj", "{88D8DD4F-FFB5-41B2-9D50-0C7283661F5E}"
EndProject
Global
	GlobalSection(SolutionConfigurationPlatforms) = preSolution
		Debug|Any CPU = Debug|Any CPU
		Release|Any CPU = Release|Any CPU
	EndGlobalSection
	GlobalSection(SolutionProperties) = preSolution
		HideSolutionNode = FALSE
	EndGlobalSection
	GlobalSection(ProjectConfigurationPlatforms) = postSolution
		{221E7D46-F144-420F-BA4A-B0DE0C68B5CD}.Debug|Any CPU.ActiveCfg = Debug|Any CPU
		{221E7D46-F144-420F-BA4A-B0DE0C68B5CD}.Debug|Any CPU.Build.0 = Debug|Any CPU
		{221E7D46-F144-420F-BA4A-B0DE0C68B5CD}.Release|Any CPU.ActiveCfg = Release|Any CPU
		{221E7D46-F144-420F-BA4A-B0DE0C68B5CD}.Release|Any CPU.Build.0 = Release|Any CPU
		{E4349C45-BF3C-48B6-9046-80D08CDDF913}.Debug|Any CPU.ActiveCfg = Debug|Any CPU
		{E4349C45-BF3C-48B6-9046-80D08CDDF913}.Debug|Any CPU.Build.0 = Debug|Any CPU
		{E4349C45-BF3C-48B6-9046-80D08CDDF913}.Release|Any CPU.ActiveCfg = Release|Any CPU
		{E4349C45-BF3C-48B6-9046-80D08CDDF913}.Release|Any CPU.Build.0 = Release|Any CPU
		{206DAB40-90D7-4AAE-92F5-C2A6EBBC8C31}.Debug|Any CPU.ActiveCfg = Debug|Any CPU
		{206DAB40-90D7-4AAE-92F5-C2A6EBBC8C31}.Debug|Any CPU.Build.0 = Debug|Any CPU
		{206DAB40-90D7-4AAE-92F5-C2A6EBBC8C31}.Release|Any CPU.ActiveCfg = Release|Any CPU
		{206DAB40-90D7-4AAE-92F5-C2A6EBBC8C31}.Release|Any CPU.Build.0 = Release|Any CPU
		{DFBEBD0C-9612-4F66-84AA-8C26B6726F44}.Debug|Any CPU.ActiveCfg = Debug|Any CPU
		{DFBEBD0C-9612-4F66-84AA-8C26B6726F44}.Debug|Any CPU.Build.0 = Debug|Any CPU
		{DFBEBD0C-9612-4F66-84AA-8C26B6726F44}.Release|Any CPU.ActiveCfg = Release|Any CPU
		{DFBEBD0C-9612-4F66-84AA-8C26B6726F44}.Release|Any CPU.Build.0 = Release|Any CPU
		{88D8DD4F-FFB5-41B2-9D50-0C7283661F5E}.Debug|Any CPU.ActiveCfg = Debug|Any CPU
		{88D8DD4F-FFB5-41B2-9D50-0C7283661F5E}.Debug|Any CPU.Build.0 = Debug|Any CPU
		{88D8DD4F-FFB5-41B2-9D50-0C7283661F5E}.Release|Any CPU.ActiveCfg = Release|Any CPU
		{88D8DD4F-FFB5-41B2-9D50-0C7283661F5E}.Release|Any CPU.Build.0 = Release|Any CPU
	EndGlobalSection
EndGlobal
